// !$*UTF8*$!
{
	archiveVersion = 1;
	classes = {
	};
	objectVersion = 46;
	objects = {

/* Begin PBXBuildFile section */
		64BC429F1B8678C1000B29E2 /* AppDelegate.swift in Sources */ = {isa = PBXBuildFile; fileRef = 64BC429E1B8678C1000B29E2 /* AppDelegate.swift */; };
		64BC42A11B8678C1000B29E2 /* ViewController.swift in Sources */ = {isa = PBXBuildFile; fileRef = 64BC42A01B8678C1000B29E2 /* ViewController.swift */; };
		64BC42A41B8678C1000B29E2 /* Main.storyboard in Resources */ = {isa = PBXBuildFile; fileRef = 64BC42A21B8678C1000B29E2 /* Main.storyboard */; };
		64BC42A61B8678C1000B29E2 /* Images.xcassets in Resources */ = {isa = PBXBuildFile; fileRef = 64BC42A51B8678C1000B29E2 /* Images.xcassets */; };
		64BC42A91B8678C1000B29E2 /* LaunchScreen.xib in Resources */ = {isa = PBXBuildFile; fileRef = 64BC42A71B8678C1000B29E2 /* LaunchScreen.xib */; };
		64BC42B51B8678C1000B29E2 /* StatePickerSwiftTests.swift in Sources */ = {isa = PBXBuildFile; fileRef = 64BC42B41B8678C1000B29E2 /* StatePickerSwiftTests.swift */; };
		64BC42BF1B8678F7000B29E2 /* CountryViewController.swift in Sources */ = {isa = PBXBuildFile; fileRef = 64BC42BE1B8678F7000B29E2 /* CountryViewController.swift */; };
		64BC42C11B86791E000B29E2 /* StatePickerViewController.swift in Sources */ = {isa = PBXBuildFile; fileRef = 64BC42C01B86791E000B29E2 /* StatePickerViewController.swift */; };
/* End PBXBuildFile section */

/* Begin PBXContainerItemProxy section */
		64BC42AF1B8678C1000B29E2 /* PBXContainerItemProxy */ = {
			isa = PBXContainerItemProxy;
			containerPortal = 64BC42911B8678C1000B29E2 /* Project object */;
			proxyType = 1;
			remoteGlobalIDString = 64BC42981B8678C1000B29E2;
			remoteInfo = StatePickerSwift;
		};
/* End PBXContainerItemProxy section */

/* Begin PBXFileReference section */
		64BC42991B8678C1000B29E2 /* StatePickerSwift.app */ = {isa = PBXFileReference; explicitFileType = wrapper.application; includeInIndex = 0; path = StatePickerSwift.app; sourceTree = BUILT_PRODUCTS_DIR; };
		64BC429D1B8678C1000B29E2 /* Info.plist */ = {isa = PBXFileReference; lastKnownFileType = text.plist.xml; path = Info.plist; sourceTree = "<group>"; };
		64BC429E1B8678C1000B29E2 /* AppDelegate.swift */ = {isa = PBXFileReference; lastKnownFileType = sourcecode.swift; path = AppDelegate.swift; sourceTree = "<group>"; };
		64BC42A01B8678C1000B29E2 /* ViewController.swift */ = {isa = PBXFileReference; lastKnownFileType = sourcecode.swift; path = ViewController.swift; sourceTree = "<group>"; };
		64BC42A31B8678C1000B29E2 /* Base */ = {isa = PBXFileReference; lastKnownFileType = file.storyboard; name = Base; path = Base.lproj/Main.storyboard; sourceTree = "<group>"; };
		64BC42A51B8678C1000B29E2 /* Images.xcassets */ = {isa = PBXFileReference; lastKnownFileType = folder.assetcatalog; path = Images.xcassets; sourceTree = "<group>"; };
		64BC42A81B8678C1000B29E2 /* Base */ = {isa = PBXFileReference; lastKnownFileType = file.xib; name = Base; path = Base.lproj/LaunchScreen.xib; sourceTree = "<group>"; };
		64BC42AE1B8678C1000B29E2 /* StatePickerSwiftTests.xctest */ = {isa = PBXFileReference; explicitFileType = wrapper.cfbundle; includeInIndex = 0; path = StatePickerSwiftTests.xctest; sourceTree = BUILT_PRODUCTS_DIR; };
		64BC42B31B8678C1000B29E2 /* Info.plist */ = {isa = PBXFileReference; lastKnownFileType = text.plist.xml; path = Info.plist; sourceTree = "<group>"; };
		64BC42B41B8678C1000B29E2 /* StatePickerSwiftTests.swift */ = {isa = PBXFileReference; lastKnownFileType = sourcecode.swift; path = StatePickerSwiftTests.swift; sourceTree = "<group>"; };
		64BC42BE1B8678F7000B29E2 /* CountryViewController.swift */ = {isa = PBXFileReference; fileEncoding = 4; lastKnownFileType = sourcecode.swift; path = CountryViewController.swift; sourceTree = "<group>"; };
		64BC42C01B86791E000B29E2 /* StatePickerViewController.swift */ = {isa = PBXFileReference; fileEncoding = 4; lastKnownFileType = sourcecode.swift; path = StatePickerViewController.swift; sourceTree = "<group>"; };
/* End PBXFileReference section */

/* Begin PBXFrameworksBuildPhase section */
		64BC42961B8678C1000B29E2 /* Frameworks */ = {
			isa = PBXFrameworksBuildPhase;
			buildActionMask = 2147483647;
			files = (
			);
			runOnlyForDeploymentPostprocessing = 0;
		};
		64BC42AB1B8678C1000B29E2 /* Frameworks */ = {
			isa = PBXFrameworksBuildPhase;
			buildActionMask = 2147483647;
			files = (
			);
			runOnlyForDeploymentPostprocessing = 0;
		};
/* End PBXFrameworksBuildPhase section */

/* Begin PBXGroup section */
		64BC42901B8678C1000B29E2 = {
			isa = PBXGroup;
			children = (
				64BC429B1B8678C1000B29E2 /* StatePickerSwift */,
				64BC42B11B8678C1000B29E2 /* StatePickerSwiftTests */,
				64BC429A1B8678C1000B29E2 /* Products */,
			);
			sourceTree = "<group>";
		};
		64BC429A1B8678C1000B29E2 /* Products */ = {
			isa = PBXGroup;
			children = (
				64BC42991B8678C1000B29E2 /* StatePickerSwift.app */,
				64BC42AE1B8678C1000B29E2 /* StatePickerSwiftTests.xctest */,
			);
			name = Products;
			sourceTree = "<group>";
		};
		64BC429B1B8678C1000B29E2 /* StatePickerSwift */ = {
			isa = PBXGroup;
			children = (
				64BC429E1B8678C1000B29E2 /* AppDelegate.swift */,
				64BC42A01B8678C1000B29E2 /* ViewController.swift */,
				64BC42A21B8678C1000B29E2 /* Main.storyboard */,
				64BC42A51B8678C1000B29E2 /* Images.xcassets */,
				64BC42A71B8678C1000B29E2 /* LaunchScreen.xib */,
				64BC429C1B8678C1000B29E2 /* Supporting Files */,
				64BC42BE1B8678F7000B29E2 /* CountryViewController.swift */,
				64BC42C01B86791E000B29E2 /* StatePickerViewController.swift */,
			);
			path = StatePickerSwift;
			sourceTree = "<group>";
		};
		64BC429C1B8678C1000B29E2 /* Supporting Files */ = {
			isa = PBXGroup;
			children = (
				64BC429D1B8678C1000B29E2 /* Info.plist */,
			);
			name = "Supporting Files";
			sourceTree = "<group>";
		};
		64BC42B11B8678C1000B29E2 /* StatePickerSwiftTests */ = {
			isa = PBXGroup;
			children = (
				64BC42B41B8678C1000B29E2 /* StatePickerSwiftTests.swift */,
				64BC42B21B8678C1000B29E2 /* Supporting Files */,
			);
			path = StatePickerSwiftTests;
			sourceTree = "<group>";
		};
		64BC42B21B8678C1000B29E2 /* Supporting Files */ = {
			isa = PBXGroup;
			children = (
				64BC42B31B8678C1000B29E2 /* Info.plist */,
			);
			name = "Supporting Files";
			sourceTree = "<group>";
		};
/* End PBXGroup section */

/* Begin PBXNativeTarget section */
		64BC42981B8678C1000B29E2 /* StatePickerSwift */ = {
			isa = PBXNativeTarget;
			buildConfigurationList = 64BC42B81B8678C1000B29E2 /* Build configuration list for PBXNativeTarget "StatePickerSwift" */;
			buildPhases = (
				64BC42951B8678C1000B29E2 /* Sources */,
				64BC42961B8678C1000B29E2 /* Frameworks */,
				64BC42971B8678C1000B29E2 /* Resources */,
			);
			buildRules = (
			);
			dependencies = (
			);
			name = StatePickerSwift;
			productName = StatePickerSwift;
			productReference = 64BC42991B8678C1000B29E2 /* StatePickerSwift.app */;
			productType = "com.apple.product-type.application";
		};
		64BC42AD1B8678C1000B29E2 /* StatePickerSwiftTests */ = {
			isa = PBXNativeTarget;
			buildConfigurationList = 64BC42BB1B8678C1000B29E2 /* Build configuration list for PBXNativeTarget "StatePickerSwiftTests" */;
			buildPhases = (
				64BC42AA1B8678C1000B29E2 /* Sources */,
				64BC42AB1B8678C1000B29E2 /* Frameworks */,
				64BC42AC1B8678C1000B29E2 /* Resources */,
			);
			buildRules = (
			);
			dependencies = (
				64BC42B01B8678C1000B29E2 /* PBXTargetDependency */,
			);
			name = StatePickerSwiftTests;
			productName = StatePickerSwiftTests;
			productReference = 64BC42AE1B8678C1000B29E2 /* StatePickerSwiftTests.xctest */;
			productType = "com.apple.product-type.bundle.unit-test";
		};
/* End PBXNativeTarget section */

/* Begin PBXProject section */
		64BC42911B8678C1000B29E2 /* Project object */ = {
			isa = PBXProject;
			attributes = {
				LastUpgradeCheck = 0640;
				ORGANIZATIONNAME = "Manuel Meyer";
				TargetAttributes = {
					64BC42981B8678C1000B29E2 = {
						CreatedOnToolsVersion = 6.4;
					};
					64BC42AD1B8678C1000B29E2 = {
						CreatedOnToolsVersion = 6.4;
						TestTargetID = 64BC42981B8678C1000B29E2;
					};
				};
			};
			buildConfigurationList = 64BC42941B8678C1000B29E2 /* Build configuration list for PBXProject "StatePickerSwift" */;
			compatibilityVersion = "Xcode 3.2";
			developmentRegion = English;
			hasScannedForEncodings = 0;
			knownRegions = (
				en,
				Base,
			);
			mainGroup = 64BC42901B8678C1000B29E2;
			productRefGroup = 64BC429A1B8678C1000B29E2 /* Products */;
			projectDirPath = "";
			projectRoot = "";
			targets = (
				64BC42981B8678C1000B29E2 /* StatePickerSwift */,
				64BC42AD1B8678C1000B29E2 /* StatePickerSwiftTests */,
			);
		};
/* End PBXProject section */

/* Begin PBXResourcesBuildPhase section */
		64BC42971B8678C1000B29E2 /* Resources */ = {
			isa = PBXResourcesBuildPhase;
			buildActionMask = 2147483647;
			files = (
				64BC42A41B8678C1000B29E2 /* Main.storyboard in Resources */,
				64BC42A91B8678C1000B29E2 /* LaunchScreen.xib in Resources */,
				64BC42A61B8678C1000B29E2 /* Images.xcassets in Resources */,
			);
			runOnlyForDeploymentPostprocessing = 0;
		};
		64BC42AC1B8678C1000B29E2 /* Resources */ = {
			isa = PBXResourcesBuildPhase;
			buildActionMask = 2147483647;
			files = (
			);
			runOnlyForDeploymentPostprocessing = 0;
		};
/* End PBXResourcesBuildPhase section */

/* Begin PBXSourcesBuildPhase section */
		64BC42951B8678C1000B29E2 /* Sources */ = {
			isa = PBXSourcesBuildPhase;
			buildActionMask = 2147483647;
			files = (
				64BC42C11B86791E000B29E2 /* StatePickerViewController.swift in Sources */,
				64BC42BF1B8678F7000B29E2 /* CountryViewController.swift in Sources */,
				64BC42A11B8678C1000B29E2 /* ViewController.swift in Sources */,
				64BC429F1B8678C1000B29E2 /* AppDelegate.swift in Sources */,
			);
			runOnlyForDeploymentPostprocessing = 0;
		};
		64BC42AA1B8678C1000B29E2 /* Sources */ = {
			isa = PBXSourcesBuildPhase;
			buildActionMask = 2147483647;
			files = (
				64BC42B51B8678C1000B29E2 /* StatePickerSwiftTests.swift in Sources */,
			);
			runOnlyForDeploymentPostprocessing = 0;
		};
/* End PBXSourcesBuildPhase section */

/* Begin PBXTargetDependency section */
		64BC42B01B8678C1000B29E2 /* PBXTargetDependency */ = {
			isa = PBXTargetDependency;
			target = 64BC42981B8678C1000B29E2 /* StatePickerSwift */;
			targetProxy = 64BC42AF1B8678C1000B29E2 /* PBXContainerItemProxy */;
		};
/* End PBXTargetDependency section */

/* Begin PBXVariantGroup section */
		64BC42A21B8678C1000B29E2 /* Main.storyboard */ = {
			isa = PBXVariantGroup;
			children = (
				64BC42A31B8678C1000B29E2 /* Base */,
			);
			name = Main.storyboard;
			sourceTree = "<group>";
		};
		64BC42A71B8678C1000B29E2 /* LaunchScreen.xib */ = {
			isa = PBXVariantGroup;
			children = (
				64BC42A81B8678C1000B29E2 /* Base */,
			);
			name = LaunchScreen.xib;
			sourceTree = "<group>";
		};
/* End PBXVariantGroup section */

/* Begin XCBuildConfiguration section */
		64BC42B61B8678C1000B29E2 /* Debug */ = {
			isa = XCBuildConfiguration;
			buildSettings = {
				ALWAYS_SEARCH_USER_PATHS = NO;
				CLANG_CXX_LANGUAGE_STANDARD = "gnu++0x";
				CLANG_CXX_LIBRARY = "libc++";
				CLANG_ENABLE_MODULES = YES;
				CLANG_ENABLE_OBJC_ARC = YES;
				CLANG_WARN_BOOL_CONVERSION = YES;
				CLANG_WARN_CONSTANT_CONVERSION = YES;
				CLANG_WARN_DIRECT_OBJC_ISA_USAGE = YES_ERROR;
				CLANG_WARN_EMPTY_BODY = YES;
				CLANG_WARN_ENUM_CONVERSION = YES;
				CLANG_WARN_INT_CONVERSION = YES;
				CLANG_WARN_OBJC_ROOT_CLASS = YES_ERROR;
				CLANG_WARN_UNREACHABLE_CODE = YES;
				CLANG_WARN__DUPLICATE_METHOD_MATCH = YES;
				"CODE_SIGN_IDENTITY[sdk=iphoneos*]" = "iPhone Developer";
				COPY_PHASE_STRIP = NO;
				DEBUG_INFORMATION_FORMAT = "dwarf-with-dsym";
				ENABLE_STRICT_OBJC_MSGSEND = YES;
				GCC_C_LANGUAGE_STANDARD = gnu99;
				GCC_DYNAMIC_NO_PIC = NO;
				GCC_NO_COMMON_BLOCKS = YES;
				GCC_OPTIMIZATION_LEVEL = 0;
				GCC_PREPROCESSOR_DEFINITIONS = (
					"DEBUG=1",
					"$(inherited)",
				);
				GCC_SYMBOLS_PRIVATE_EXTERN = NO;
				GCC_WARN_64_TO_32_BIT_CONVERSION = YES;
				GCC_WARN_ABOUT_RETURN_TYPE = YES_ERROR;
				GCC_WARN_UNDECLARED_SELECTOR = YES;
				GCC_WARN_UNINITIALIZED_AUTOS = YES_AGGRESSIVE;
				GCC_WARN_UNUSED_FUNCTION = YES;
				GCC_WARN_UNUSED_VARIABLE = YES;
				IPHONEOS_DEPLOYMENT_TARGET = 8.4;
				MTL_ENABLE_DEBUG_INFO = YES;
				ONLY_ACTIVE_ARCH = YES;
				SDKROOT = iphoneos;
				SWIFT_OPTIMIZATION_LEVEL = "-Onone";
				TARGETED_DEVICE_FAMILY = "1,2";
			};
			name = Debug;
		};
		64BC42B71B8678C1000B29E2 /* Release */ = {
			isa = XCBuildConfiguration;
			buildSettings = {
				ALWAYS_SEARCH_USER_PATHS = NO;
				CLANG_CXX_LANGUAGE_STANDARD = "gnu++0x";
				CLANG_CXX_LIBRARY = "libc++";
				CLANG_ENABLE_MODULES = YES;
				CLANG_ENABLE_OBJC_ARC = YES;
				CLANG_WARN_BOOL_CONVERSION = YES;
				CLANG_WARN_CONSTANT_CONVERSION = YES;
				CLANG_WARN_DIRECT_OBJC_ISA_USAGE = YES_ERROR;
				CLANG_WARN_EMPTY_BODY = YES;
				CLANG_WARN_ENUM_CONVERSION = YES;
				CLANG_WARN_INT_CONVERSION = YES;
				CLANG_WARN_OBJC_ROOT_CLASS = YES_ERROR;
				CLANG_WARN_UNREACHABLE_CODE = YES;
				CLANG_WARN__DUPLICATE_METHOD_MATCH = YES;
				"CODE_SIGN_IDENTITY[sdk=iphoneos*]" = "iPhone Developer";
				COPY_PHASE_STRIP = NO;
				DEBUG_INFORMATION_FORMAT = "dwarf-with-dsym";
				ENABLE_NS_ASSERTIONS = NO;
				ENABLE_STRICT_OBJC_MSGSEND = YES;
				GCC_C_LANGUAGE_STANDARD = gnu99;
				GCC_NO_COMMON_BLOCKS = YES;
				GCC_WARN_64_TO_32_BIT_CONVERSION = YES;
				GCC_WARN_ABOUT_RETURN_TYPE = YES_ERROR;
				GCC_WARN_UNDECLARED_SELECTOR = YES;
				GCC_WARN_UNINITIALIZED_AUTOS = YES_AGGRESSIVE;
				GCC_WARN_UNUSED_FUNCTION = YES;
				GCC_WARN_UNUSED_VARIABLE = YES;
				IPHONEOS_DEPLOYMENT_TARGET = 8.4;
				MTL_ENABLE_DEBUG_INFO = NO;
				SDKROOT = iphoneos;
				TARGETED_DEVICE_FAMILY = "1,2";
				VALIDATE_PRODUCT = YES;
			};
			name = Release;
		};
		64BC42B91B8678C1000B29E2 /* Debug */ = {
			isa = XCBuildConfiguration;
			buildSettings = {
				ASSETCATALOG_COMPILER_APPICON_NAME = AppIcon;
				INFOPLIST_FILE = StatePickerSwift/Info.plist;
				LD_RUNPATH_SEARCH_PATHS = "$(inherited) @executable_path/Frameworks";
				PRODUCT_NAME = "$(TARGET_NAME)";
			};
			name = Debug;
		};
		64BC42BA1B8678C1000B29E2 /* Release */ = {
			isa = XCBuildConfiguration;
			buildSettings = {
				ASSETCATALOG_COMPILER_APPICON_NAME = AppIcon;
				INFOPLIST_FILE = StatePickerSwift/Info.plist;
				LD_RUNPATH_SEARCH_PATHS = "$(inherited) @executable_path/Frameworks";
				PRODUCT_NAME = "$(TARGET_NAME)";
			};
			name = Release;
		};
		64BC42BC1B8678C1000B29E2 /* Debug */ = {
			isa = XCBuildConfiguration;
			buildSettings = {
				BUNDLE_LOADER = "$(TEST_HOST)";
				FRAMEWORK_SEARCH_PATHS = (
					"$(SDKROOT)/Developer/Library/Frameworks",
					"$(inherited)",
				);
				GCC_PREPROCESSOR_DEFINITIONS = (
					"DEBUG=1",
					"$(inherited)",
				);
				INFOPLIST_FILE = StatePickerSwiftTests/Info.plist;
				LD_RUNPATH_SEARCH_PATHS = "$(inherited) @executable_path/Frameworks @loader_path/Frameworks";
				PRODUCT_NAME = "$(TARGET_NAME)";
				TEST_HOST = "$(BUILT_PRODUCTS_DIR)/StatePickerSwift.app/StatePickerSwift";
			};
			name = Debug;
		};
		64BC42BD1B8678C1000B29E2 /* Release */ = {
			isa = XCBuildConfiguration;
			buildSettings = {
				BUNDLE_LOADER = "$(TEST_HOST)";
				FRAMEWORK_SEARCH_PATHS = (
					"$(SDKROOT)/Developer/Library/Frameworks",
					"$(inherited)",
				);
				INFOPLIST_FILE = StatePickerSwiftTests/Info.plist;
				LD_RUNPATH_SEARCH_PATHS = "$(inherited) @executable_path/Frameworks @loader_path/Frameworks";
				PRODUCT_NAME = "$(TARGET_NAME)";
				TEST_HOST = "$(BUILT_PRODUCTS_DIR)/StatePickerSwift.app/StatePickerSwift";
			};
			name = Release;
		};
/* End XCBuildConfiguration section */

/* Begin XCConfigurationList section */
		64BC42941B8678C1000B29E2 /* Build configuration list for PBXProject "StatePickerSwift" */ = {
			isa = XCConfigurationList;
			buildConfigurations = (
				64BC42B61B8678C1000B29E2 /* Debug */,
				64BC42B71B8678C1000B29E2 /* Release */,
			);
			defaultConfigurationIsVisible = 0;
			defaultConfigurationName = Release;
		};
		64BC42B81B8678C1000B29E2 /* Build configuration list for PBXNativeTarget "StatePickerSwift" */ = {
			isa = XCConfigurationList;
			buildConfigurations = (
				64BC42B91B8678C1000B29E2 /* Debug */,
				64BC42BA1B8678C1000B29E2 /* Release */,
			);
			defaultConfigurationIsVisible = 0;
		};
		64BC42BB1B8678C1000B29E2 /* Build configuration list for PBXNativeTarget "StatePickerSwiftTests" */ = {
			isa = XCConfigurationList;
			buildConfigurations = (
				64BC42BC1B8678C1000B29E2 /* Debug */,
				64BC42BD1B8678C1000B29E2 /* Release */,
			);
			defaultConfigurationIsVisible = 0;
		};
/* End XCConfigurationList section */
	};
	rootObject = 64BC42911B8678C1000B29E2 /* Project object */;
}
